
Microsoft Visual Studio Solution File, Format Version 12.00
Project("{FAE04EC0-301F-11D3-BF4B-00C04F79EFBC}") = "ZooApp", "ZooApp\ZooApp.csproj", "{09A9BC88-DBCD-4B12-9A51-82B922B8629B}"
EndProject
Project("{FAE04EC0-301F-11D3-BF4B-00C04F79EFBC}") = "Lab1_OOP", "..\Lab1_OOP\Lab1_OOP\Lab1_OOP.csproj", "{4FD3C6DE-EAC5-42A1-9BB7-3531455984E7}"
EndProject
Global
	GlobalSection(SolutionConfigurationPlatforms) = preSolution
		Debug|Any CPU = Debug|Any CPU
		Release|Any CPU = Release|Any CPU
	EndGlobalSection
	GlobalSection(ProjectConfigurationPlatforms) = postSolution
		{09A9BC88-DBCD-4B12-9A51-82B922B8629B}.Debug|Any CPU.ActiveCfg = Debug|Any CPU
		{09A9BC88-DBCD-4B12-9A51-82B922B8629B}.Debug|Any CPU.Build.0 = Debug|Any CPU
		{09A9BC88-DBCD-4B12-9A51-82B922B8629B}.Release|Any CPU.ActiveCfg = Release|Any CPU
		{09A9BC88-DBCD-4B12-9A51-82B922B8629B}.Release|Any CPU.Build.0 = Release|Any CPU
		{4FD3C6DE-EAC5-42A1-9BB7-3531455984E7}.Debug|Any CPU.ActiveCfg = Debug|Any CPU
		{4FD3C6DE-EAC5-42A1-9BB7-3531455984E7}.Debug|Any CPU.Build.0 = Debug|Any CPU
		{4FD3C6DE-EAC5-42A1-9BB7-3531455984E7}.Release|Any CPU.ActiveCfg = Release|Any CPU
		{4FD3C6DE-EAC5-42A1-9BB7-3531455984E7}.Release|Any CPU.Build.0 = Release|Any CPU
	EndGlobalSection
EndGlobal
